
Microsoft Visual Studio Solution File, Format Version 12.00
# Visual Studio Version 17
VisualStudioVersion = 17.7.34003.232
MinimumVisualStudioVersion = 10.0.40219.1
Project("{9A19103F-16F7-4668-BE54-9A1E7A4F7556}") = "Core.Persistence", "Core.Persistence\Core.Persistence.csproj", "{7395211D-29EB-4FF5-A676-6D423AF22ED1}"
EndProject
Project("{9A19103F-16F7-4668-BE54-9A1E7A4F7556}") = "Core.Application", "Core.Application\Core.Application.csproj", "{A60C6B83-0F98-42D7-90F6-0D96CBDC6AC6}"
EndProject
Project("{FAE04EC0-301F-11D3-BF4B-00C04F79EFBC}") = "Core.CrossCuttingConcerns", "Core.CrossCuttingConcerns\Core.CrossCuttingConcerns.csproj", "{0914512B-C5BA-4828-A0C0-B7DF493AE242}"
EndProject
Global
	GlobalSection(SolutionConfigurationPlatforms) = preSolution
		Debug|Any CPU = Debug|Any CPU
		Release|Any CPU = Release|Any CPU
	EndGlobalSection
	GlobalSection(ProjectConfigurationPlatforms) = postSolution
		{7395211D-29EB-4FF5-A676-6D423AF22ED1}.Debug|Any CPU.ActiveCfg = Debug|Any CPU
		{7395211D-29EB-4FF5-A676-6D423AF22ED1}.Debug|Any CPU.Build.0 = Debug|Any CPU
		{7395211D-29EB-4FF5-A676-6D423AF22ED1}.Release|Any CPU.ActiveCfg = Release|Any CPU
		{7395211D-29EB-4FF5-A676-6D423AF22ED1}.Release|Any CPU.Build.0 = Release|Any CPU
		{A60C6B83-0F98-42D7-90F6-0D96CBDC6AC6}.Debug|Any CPU.ActiveCfg = Debug|Any CPU
		{A60C6B83-0F98-42D7-90F6-0D96CBDC6AC6}.Debug|Any CPU.Build.0 = Debug|Any CPU
		{A60C6B83-0F98-42D7-90F6-0D96CBDC6AC6}.Release|Any CPU.ActiveCfg = Release|Any CPU
		{A60C6B83-0F98-42D7-90F6-0D96CBDC6AC6}.Release|Any CPU.Build.0 = Release|Any CPU
		{0914512B-C5BA-4828-A0C0-B7DF493AE242}.Debug|Any CPU.ActiveCfg = Debug|Any CPU
		{0914512B-C5BA-4828-A0C0-B7DF493AE242}.Debug|Any CPU.Build.0 = Debug|Any CPU
		{0914512B-C5BA-4828-A0C0-B7DF493AE242}.Release|Any CPU.ActiveCfg = Release|Any CPU
		{0914512B-C5BA-4828-A0C0-B7DF493AE242}.Release|Any CPU.Build.0 = Release|Any CPU
	EndGlobalSection
	GlobalSection(SolutionProperties) = preSolution
		HideSolutionNode = FALSE
	EndGlobalSection
	GlobalSection(ExtensibilityGlobals) = postSolution
		SolutionGuid = {261EEFB0-487B-4FF3-9F56-8249CDF63A6C}
	EndGlobalSection
EndGlobal
