
Microsoft Visual Studio Solution File, Format Version 12.00
# Visual Studio Version 17
VisualStudioVersion = 17.7.34003.232
MinimumVisualStudioVersion = 10.0.40219.1
Project("{FAE04EC0-301F-11D3-BF4B-00C04F79EFBC}") = "WebAPI", "WebAPI\WebAPI.csproj", "{F4C4A955-93C1-479F-ADC2-19598A2AA437}"
EndProject
Project("{FAE04EC0-301F-11D3-BF4B-00C04F79EFBC}") = "Persistence", "Persistence\Persistence.csproj", "{80852B08-4E03-4C60-B015-1723F08687DC}"
EndProject
Project("{FAE04EC0-301F-11D3-BF4B-00C04F79EFBC}") = "Domain", "Domain\Domain.csproj", "{ABB5567D-2A3B-4E2F-829A-0CB94C47EB2E}"
EndProject
Project("{FAE04EC0-301F-11D3-BF4B-00C04F79EFBC}") = "Application", "Application\Application.csproj", "{351070BE-F0F7-4D3F-B797-6A7D0C96D496}"
EndProject
Project("{FAE04EC0-301F-11D3-BF4B-00C04F79EFBC}") = "Infrastructure", "Infrastructure\Infrastructure.csproj", "{BBC37674-AE52-4DB0-890C-34A2C4F25CEF}"
EndProject
Global
	GlobalSection(SolutionConfigurationPlatforms) = preSolution
		Debug|Any CPU = Debug|Any CPU
		Release|Any CPU = Release|Any CPU
	EndGlobalSection
	GlobalSection(ProjectConfigurationPlatforms) = postSolution
		{F4C4A955-93C1-479F-ADC2-19598A2AA437}.Debug|Any CPU.ActiveCfg = Debug|Any CPU
		{F4C4A955-93C1-479F-ADC2-19598A2AA437}.Debug|Any CPU.Build.0 = Debug|Any CPU
		{F4C4A955-93C1-479F-ADC2-19598A2AA437}.Release|Any CPU.ActiveCfg = Release|Any CPU
		{F4C4A955-93C1-479F-ADC2-19598A2AA437}.Release|Any CPU.Build.0 = Release|Any CPU
		{80852B08-4E03-4C60-B015-1723F08687DC}.Debug|Any CPU.ActiveCfg = Debug|Any CPU
		{80852B08-4E03-4C60-B015-1723F08687DC}.Debug|Any CPU.Build.0 = Debug|Any CPU
		{80852B08-4E03-4C60-B015-1723F08687DC}.Release|Any CPU.ActiveCfg = Release|Any CPU
		{80852B08-4E03-4C60-B015-1723F08687DC}.Release|Any CPU.Build.0 = Release|Any CPU
		{ABB5567D-2A3B-4E2F-829A-0CB94C47EB2E}.Debug|Any CPU.ActiveCfg = Debug|Any CPU
		{ABB5567D-2A3B-4E2F-829A-0CB94C47EB2E}.Debug|Any CPU.Build.0 = Debug|Any CPU
		{ABB5567D-2A3B-4E2F-829A-0CB94C47EB2E}.Release|Any CPU.ActiveCfg = Release|Any CPU
		{ABB5567D-2A3B-4E2F-829A-0CB94C47EB2E}.Release|Any CPU.Build.0 = Release|Any CPU
		{351070BE-F0F7-4D3F-B797-6A7D0C96D496}.Debug|Any CPU.ActiveCfg = Debug|Any CPU
		{351070BE-F0F7-4D3F-B797-6A7D0C96D496}.Debug|Any CPU.Build.0 = Debug|Any CPU
		{351070BE-F0F7-4D3F-B797-6A7D0C96D496}.Release|Any CPU.ActiveCfg = Release|Any CPU
		{351070BE-F0F7-4D3F-B797-6A7D0C96D496}.Release|Any CPU.Build.0 = Release|Any CPU
		{BBC37674-AE52-4DB0-890C-34A2C4F25CEF}.Debug|Any CPU.ActiveCfg = Debug|Any CPU
		{BBC37674-AE52-4DB0-890C-34A2C4F25CEF}.Debug|Any CPU.Build.0 = Debug|Any CPU
		{BBC37674-AE52-4DB0-890C-34A2C4F25CEF}.Release|Any CPU.ActiveCfg = Release|Any CPU
		{BBC37674-AE52-4DB0-890C-34A2C4F25CEF}.Release|Any CPU.Build.0 = Release|Any CPU
	EndGlobalSection
	GlobalSection(SolutionProperties) = preSolution
		HideSolutionNode = FALSE
	EndGlobalSection
	GlobalSection(ExtensibilityGlobals) = postSolution
		SolutionGuid = {310BC66F-DD88-4B72-91DA-D8917CC97A41}
	EndGlobalSection
EndGlobal
